// !$*UTF8*$!
{
	archiveVersion = 1;
	classes = {
	};
	objectVersion = 56;
	objects = {

/* Begin PBXBuildFile section */
		1C317F1A2A011B3900E7F4FE /* Expense.swift in Sources */ = {isa = PBXBuildFile; fileRef = 1C317F192A011B3900E7F4FE /* Expense.swift */; };
		1C317F1D2A05EE3300E7F4FE /* DBManager.swift in Sources */ = {isa = PBXBuildFile; fileRef = 1C317F1C2A05EE3300E7F4FE /* DBManager.swift */; };
		1C4C6FEE2A0674BB00A33F39 /* AddExpenseViewController.swift in Sources */ = {isa = PBXBuildFile; fileRef = 1C4C6FED2A0674BB00A33F39 /* AddExpenseViewController.swift */; };
		1C4C6FF02A068A1400A33F39 /* ExpensesListViewController.swift in Sources */ = {isa = PBXBuildFile; fileRef = 1C4C6FEF2A068A1400A33F39 /* ExpensesListViewController.swift */; };
		1C8FD99C2A17F16500B509CD /* Assets.xcassets in Resources */ = {isa = PBXBuildFile; fileRef = 1C8FD99B2A17F16500B509CD /* Assets.xcassets */; };
		1C93BD092A072BD600A0236F /* ExpenseTableCell.swift in Sources */ = {isa = PBXBuildFile; fileRef = 1C93BD072A072BD600A0236F /* ExpenseTableCell.swift */; };
		1C93BD0A2A072BD600A0236F /* ExpenseTableCell.xib in Resources */ = {isa = PBXBuildFile; fileRef = 1C93BD082A072BD600A0236F /* ExpenseTableCell.xib */; };
		1C93D4E429FF8E05000F8688 /* SettingsViewController.swift in Sources */ = {isa = PBXBuildFile; fileRef = 1C93D4E329FF8E05000F8688 /* SettingsViewController.swift */; };
		1C93D4E629FF8E55000F8688 /* AlertsViewController.swift in Sources */ = {isa = PBXBuildFile; fileRef = 1C93D4E529FF8E55000F8688 /* AlertsViewController.swift */; };
		1CCE63AA2A0F715D00AE10F1 /* Alert.swift in Sources */ = {isa = PBXBuildFile; fileRef = 1CCE63A92A0F715D00AE10F1 /* Alert.swift */; };
		1CCE63AD2A100A8F00AE10F1 /* AlertTableCell.swift in Sources */ = {isa = PBXBuildFile; fileRef = 1CCE63AB2A100A8F00AE10F1 /* AlertTableCell.swift */; };
		1CCE63AE2A100A8F00AE10F1 /* AlertTableCell.xib in Resources */ = {isa = PBXBuildFile; fileRef = 1CCE63AC2A100A8F00AE10F1 /* AlertTableCell.xib */; };
		6BACF0AC3D14AFA18871F7E0 /* Pods_ExpenseTrackerTests.framework in Frameworks */ = {isa = PBXBuildFile; fileRef = B90174BA9901182A28CCABE5 /* Pods_ExpenseTrackerTests.framework */; };
		8C15908119053BC8DA12E471 /* Pods_ExpenseTracker.framework in Frameworks */ = {isa = PBXBuildFile; fileRef = 609941440D01C1A208175ADC /* Pods_ExpenseTracker.framework */; };
		C435D2DC2BC0CC800AC36692 /* Pods_ExpenseTracker_ExpenseTrackerUITests.framework in Frameworks */ = {isa = PBXBuildFile; fileRef = 8C5E3A43EFE8571E11982A85 /* Pods_ExpenseTracker_ExpenseTrackerUITests.framework */; };
		C9820D2929FA58BD004E0E02 /* AppDelegate.swift in Sources */ = {isa = PBXBuildFile; fileRef = C9820D2829FA58BD004E0E02 /* AppDelegate.swift */; };
		C9820D2B29FA58BD004E0E02 /* SceneDelegate.swift in Sources */ = {isa = PBXBuildFile; fileRef = C9820D2A29FA58BD004E0E02 /* SceneDelegate.swift */; };
		C9820D2D29FA58BD004E0E02 /* OverviewController.swift in Sources */ = {isa = PBXBuildFile; fileRef = C9820D2C29FA58BD004E0E02 /* OverviewController.swift */; };
		C9820D3029FA58BD004E0E02 /* Main.storyboard in Resources */ = {isa = PBXBuildFile; fileRef = C9820D2E29FA58BD004E0E02 /* Main.storyboard */; };
		C9820D3529FA58BD004E0E02 /* LaunchScreen.storyboard in Resources */ = {isa = PBXBuildFile; fileRef = C9820D3329FA58BD004E0E02 /* LaunchScreen.storyboard */; };
		C9820D4029FA58BD004E0E02 /* ExpenseTrackerTests.swift in Sources */ = {isa = PBXBuildFile; fileRef = C9820D3F29FA58BD004E0E02 /* ExpenseTrackerTests.swift */; };
		C9820D4A29FA58BD004E0E02 /* ExpenseTrackerUITests.swift in Sources */ = {isa = PBXBuildFile; fileRef = C9820D4929FA58BD004E0E02 /* ExpenseTrackerUITests.swift */; };
		C9820D4C29FA58BD004E0E02 /* ExpenseTrackerUITestsLaunchTests.swift in Sources */ = {isa = PBXBuildFile; fileRef = C9820D4B29FA58BD004E0E02 /* ExpenseTrackerUITestsLaunchTests.swift */; };
		EE0A93FC2A126302006E27DA /* ExpenseDetailViewController.swift in Sources */ = {isa = PBXBuildFile; fileRef = EE0A93FB2A126302006E27DA /* ExpenseDetailViewController.swift */; };
		EE1A4B102A076D3300516429 /* SettingTableViewCell.swift in Sources */ = {isa = PBXBuildFile; fileRef = EE1A4B0F2A076D3300516429 /* SettingTableViewCell.swift */; };
		EE49C6F22A08CE2400409239 /* LocalFileManager.swift in Sources */ = {isa = PBXBuildFile; fileRef = EE49C6F12A08CE2400409239 /* LocalFileManager.swift */; };
		EE61E68C2A306066004472B7 /* ReceiptRegexHandler.swift in Sources */ = {isa = PBXBuildFile; fileRef = EE61E68B2A306066004472B7 /* ReceiptRegexHandler.swift */; };
		EE61E6902A385A69004472B7 /* ChatBotViewController.swift in Sources */ = {isa = PBXBuildFile; fileRef = EE61E68F2A385A69004472B7 /* ChatBotViewController.swift */; };
		EE61E6922A385BE2004472B7 /* ChatBotSwiftUIView.swift in Sources */ = {isa = PBXBuildFile; fileRef = EE61E6912A385BE2004472B7 /* ChatBotSwiftUIView.swift */; };
		EE61E6942A3871CF004472B7 /* Constants.swift in Sources */ = {isa = PBXBuildFile; fileRef = EE61E6932A3871CF004472B7 /* Constants.swift */; };
		EE61E6962A3871EE004472B7 /* OpenAIService.swift in Sources */ = {isa = PBXBuildFile; fileRef = EE61E6952A3871EE004472B7 /* OpenAIService.swift */; };
		EE61E6982A39B3D0004472B7 /* GenerateExpenseReportViewController.swift in Sources */ = {isa = PBXBuildFile; fileRef = EE61E6972A39B3D0004472B7 /* GenerateExpenseReportViewController.swift */; };
		EE98EB112A15C67A00F45581 /* NightModeTableViewCell.swift in Sources */ = {isa = PBXBuildFile; fileRef = EE98EB102A15C67A00F45581 /* NightModeTableViewCell.swift */; };
		EE98EB132A1A5DBD00F45581 /* ChartDataHandler.swift in Sources */ = {isa = PBXBuildFile; fileRef = EE98EB122A1A5DBD00F45581 /* ChartDataHandler.swift */; };
/* End PBXBuildFile section */

/* Begin PBXContainerItemProxy section */
		C9820D3C29FA58BD004E0E02 /* PBXContainerItemProxy */ = {
			isa = PBXContainerItemProxy;
			containerPortal = C9820D1D29FA58BD004E0E02 /* Project object */;
			proxyType = 1;
			remoteGlobalIDString = C9820D2429FA58BD004E0E02;
			remoteInfo = ExpenseTracker;
		};
		C9820D4629FA58BD004E0E02 /* PBXContainerItemProxy */ = {
			isa = PBXContainerItemProxy;
			containerPortal = C9820D1D29FA58BD004E0E02 /* Project object */;
			proxyType = 1;
			remoteGlobalIDString = C9820D2429FA58BD004E0E02;
			remoteInfo = ExpenseTracker;
		};
/* End PBXContainerItemProxy section */

/* Begin PBXFileReference section */
		1C317F192A011B3900E7F4FE /* Expense.swift */ = {isa = PBXFileReference; lastKnownFileType = sourcecode.swift; path = Expense.swift; sourceTree = "<group>"; };
		1C317F1C2A05EE3300E7F4FE /* DBManager.swift */ = {isa = PBXFileReference; lastKnownFileType = sourcecode.swift; path = DBManager.swift; sourceTree = "<group>"; };
		1C4C6FED2A0674BB00A33F39 /* AddExpenseViewController.swift */ = {isa = PBXFileReference; lastKnownFileType = sourcecode.swift; path = AddExpenseViewController.swift; sourceTree = "<group>"; };
		1C4C6FEF2A068A1400A33F39 /* ExpensesListViewController.swift */ = {isa = PBXFileReference; lastKnownFileType = sourcecode.swift; path = ExpensesListViewController.swift; sourceTree = "<group>"; };
		1C8FD99B2A17F16500B509CD /* Assets.xcassets */ = {isa = PBXFileReference; lastKnownFileType = folder.assetcatalog; path = Assets.xcassets; sourceTree = "<group>"; };
		1C93BD072A072BD600A0236F /* ExpenseTableCell.swift */ = {isa = PBXFileReference; lastKnownFileType = sourcecode.swift; path = ExpenseTableCell.swift; sourceTree = "<group>"; };
		1C93BD082A072BD600A0236F /* ExpenseTableCell.xib */ = {isa = PBXFileReference; lastKnownFileType = file.xib; path = ExpenseTableCell.xib; sourceTree = "<group>"; };
		1C93D4E329FF8E05000F8688 /* SettingsViewController.swift */ = {isa = PBXFileReference; lastKnownFileType = sourcecode.swift; path = SettingsViewController.swift; sourceTree = "<group>"; };
		1C93D4E529FF8E55000F8688 /* AlertsViewController.swift */ = {isa = PBXFileReference; lastKnownFileType = sourcecode.swift; path = AlertsViewController.swift; sourceTree = "<group>"; };
		1CCE63A92A0F715D00AE10F1 /* Alert.swift */ = {isa = PBXFileReference; lastKnownFileType = sourcecode.swift; path = Alert.swift; sourceTree = "<group>"; };
		1CCE63AB2A100A8F00AE10F1 /* AlertTableCell.swift */ = {isa = PBXFileReference; lastKnownFileType = sourcecode.swift; path = AlertTableCell.swift; sourceTree = "<group>"; };
		1CCE63AC2A100A8F00AE10F1 /* AlertTableCell.xib */ = {isa = PBXFileReference; lastKnownFileType = file.xib; path = AlertTableCell.xib; sourceTree = "<group>"; };
		434C361F303EA59A6594A1D0 /* Pods-ExpenseTracker-ExpenseTrackerUITests.release.xcconfig */ = {isa = PBXFileReference; includeInIndex = 1; lastKnownFileType = text.xcconfig; name = "Pods-ExpenseTracker-ExpenseTrackerUITests.release.xcconfig"; path = "Target Support Files/Pods-ExpenseTracker-ExpenseTrackerUITests/Pods-ExpenseTracker-ExpenseTrackerUITests.release.xcconfig"; sourceTree = "<group>"; };
		5824CC75EAF8B83B3DF784C3 /* Pods-ExpenseTracker.release.xcconfig */ = {isa = PBXFileReference; includeInIndex = 1; lastKnownFileType = text.xcconfig; name = "Pods-ExpenseTracker.release.xcconfig"; path = "Target Support Files/Pods-ExpenseTracker/Pods-ExpenseTracker.release.xcconfig"; sourceTree = "<group>"; };
		609941440D01C1A208175ADC /* Pods_ExpenseTracker.framework */ = {isa = PBXFileReference; explicitFileType = wrapper.framework; includeInIndex = 0; path = Pods_ExpenseTracker.framework; sourceTree = BUILT_PRODUCTS_DIR; };
		82B980B360279037E826B746 /* Pods-ExpenseTrackerTests.release.xcconfig */ = {isa = PBXFileReference; includeInIndex = 1; lastKnownFileType = text.xcconfig; name = "Pods-ExpenseTrackerTests.release.xcconfig"; path = "Target Support Files/Pods-ExpenseTrackerTests/Pods-ExpenseTrackerTests.release.xcconfig"; sourceTree = "<group>"; };
		8C5E3A43EFE8571E11982A85 /* Pods_ExpenseTracker_ExpenseTrackerUITests.framework */ = {isa = PBXFileReference; explicitFileType = wrapper.framework; includeInIndex = 0; path = Pods_ExpenseTracker_ExpenseTrackerUITests.framework; sourceTree = BUILT_PRODUCTS_DIR; };
		93D3538388B889CD178E970F /* Pods-ExpenseTracker-ExpenseTrackerUITests.debug.xcconfig */ = {isa = PBXFileReference; includeInIndex = 1; lastKnownFileType = text.xcconfig; name = "Pods-ExpenseTracker-ExpenseTrackerUITests.debug.xcconfig"; path = "Target Support Files/Pods-ExpenseTracker-ExpenseTrackerUITests/Pods-ExpenseTracker-ExpenseTrackerUITests.debug.xcconfig"; sourceTree = "<group>"; };
		997C2E5BB8E4E4F54505C8D6 /* Pods-ExpenseTracker.debug.xcconfig */ = {isa = PBXFileReference; includeInIndex = 1; lastKnownFileType = text.xcconfig; name = "Pods-ExpenseTracker.debug.xcconfig"; path = "Target Support Files/Pods-ExpenseTracker/Pods-ExpenseTracker.debug.xcconfig"; sourceTree = "<group>"; };
		B90174BA9901182A28CCABE5 /* Pods_ExpenseTrackerTests.framework */ = {isa = PBXFileReference; explicitFileType = wrapper.framework; includeInIndex = 0; path = Pods_ExpenseTrackerTests.framework; sourceTree = BUILT_PRODUCTS_DIR; };
		C9820D2529FA58BD004E0E02 /* ExpenseTracker.app */ = {isa = PBXFileReference; explicitFileType = wrapper.application; includeInIndex = 0; path = ExpenseTracker.app; sourceTree = BUILT_PRODUCTS_DIR; };
		C9820D2829FA58BD004E0E02 /* AppDelegate.swift */ = {isa = PBXFileReference; lastKnownFileType = sourcecode.swift; path = AppDelegate.swift; sourceTree = "<group>"; };
		C9820D2A29FA58BD004E0E02 /* SceneDelegate.swift */ = {isa = PBXFileReference; lastKnownFileType = sourcecode.swift; path = SceneDelegate.swift; sourceTree = "<group>"; };
		C9820D2C29FA58BD004E0E02 /* OverviewController.swift */ = {isa = PBXFileReference; lastKnownFileType = sourcecode.swift; path = OverviewController.swift; sourceTree = "<group>"; };
		C9820D2F29FA58BD004E0E02 /* Base */ = {isa = PBXFileReference; lastKnownFileType = file.storyboard; name = Base; path = Base.lproj/Main.storyboard; sourceTree = "<group>"; };
		C9820D3429FA58BD004E0E02 /* Base */ = {isa = PBXFileReference; lastKnownFileType = file.storyboard; name = Base; path = Base.lproj/LaunchScreen.storyboard; sourceTree = "<group>"; };
		C9820D3629FA58BD004E0E02 /* Info.plist */ = {isa = PBXFileReference; lastKnownFileType = text.plist.xml; path = Info.plist; sourceTree = "<group>"; };
		C9820D3B29FA58BD004E0E02 /* ExpenseTrackerTests.xctest */ = {isa = PBXFileReference; explicitFileType = wrapper.cfbundle; includeInIndex = 0; path = ExpenseTrackerTests.xctest; sourceTree = BUILT_PRODUCTS_DIR; };
		C9820D3F29FA58BD004E0E02 /* ExpenseTrackerTests.swift */ = {isa = PBXFileReference; lastKnownFileType = sourcecode.swift; path = ExpenseTrackerTests.swift; sourceTree = "<group>"; };
		C9820D4529FA58BD004E0E02 /* ExpenseTrackerUITests.xctest */ = {isa = PBXFileReference; explicitFileType = wrapper.cfbundle; includeInIndex = 0; path = ExpenseTrackerUITests.xctest; sourceTree = BUILT_PRODUCTS_DIR; };
		C9820D4929FA58BD004E0E02 /* ExpenseTrackerUITests.swift */ = {isa = PBXFileReference; lastKnownFileType = sourcecode.swift; path = ExpenseTrackerUITests.swift; sourceTree = "<group>"; };
		C9820D4B29FA58BD004E0E02 /* ExpenseTrackerUITestsLaunchTests.swift */ = {isa = PBXFileReference; lastKnownFileType = sourcecode.swift; path = ExpenseTrackerUITestsLaunchTests.swift; sourceTree = "<group>"; };
		E32155664DFCF91420CF7EAC /* Pods-ExpenseTrackerTests.debug.xcconfig */ = {isa = PBXFileReference; includeInIndex = 1; lastKnownFileType = text.xcconfig; name = "Pods-ExpenseTrackerTests.debug.xcconfig"; path = "Target Support Files/Pods-ExpenseTrackerTests/Pods-ExpenseTrackerTests.debug.xcconfig"; sourceTree = "<group>"; };
		EE0A93FB2A126302006E27DA /* ExpenseDetailViewController.swift */ = {isa = PBXFileReference; lastKnownFileType = sourcecode.swift; path = ExpenseDetailViewController.swift; sourceTree = "<group>"; };
		EE1A4B0F2A076D3300516429 /* SettingTableViewCell.swift */ = {isa = PBXFileReference; lastKnownFileType = sourcecode.swift; path = SettingTableViewCell.swift; sourceTree = "<group>"; };
		EE49C6F12A08CE2400409239 /* LocalFileManager.swift */ = {isa = PBXFileReference; lastKnownFileType = sourcecode.swift; path = LocalFileManager.swift; sourceTree = "<group>"; };
		EE61E68B2A306066004472B7 /* ReceiptRegexHandler.swift */ = {isa = PBXFileReference; lastKnownFileType = sourcecode.swift; path = ReceiptRegexHandler.swift; sourceTree = "<group>"; };
		EE61E68F2A385A69004472B7 /* ChatBotViewController.swift */ = {isa = PBXFileReference; lastKnownFileType = sourcecode.swift; path = ChatBotViewController.swift; sourceTree = "<group>"; };
		EE61E6912A385BE2004472B7 /* ChatBotSwiftUIView.swift */ = {isa = PBXFileReference; lastKnownFileType = sourcecode.swift; path = ChatBotSwiftUIView.swift; sourceTree = "<group>"; };
		EE61E6932A3871CF004472B7 /* Constants.swift */ = {isa = PBXFileReference; lastKnownFileType = sourcecode.swift; path = Constants.swift; sourceTree = "<group>"; };
		EE61E6952A3871EE004472B7 /* OpenAIService.swift */ = {isa = PBXFileReference; lastKnownFileType = sourcecode.swift; path = OpenAIService.swift; sourceTree = "<group>"; };
		EE61E6972A39B3D0004472B7 /* GenerateExpenseReportViewController.swift */ = {isa = PBXFileReference; lastKnownFileType = sourcecode.swift; path = GenerateExpenseReportViewController.swift; sourceTree = "<group>"; };
		EE98EB102A15C67A00F45581 /* NightModeTableViewCell.swift */ = {isa = PBXFileReference; lastKnownFileType = sourcecode.swift; path = NightModeTableViewCell.swift; sourceTree = "<group>"; };
		EE98EB122A1A5DBD00F45581 /* ChartDataHandler.swift */ = {isa = PBXFileReference; lastKnownFileType = sourcecode.swift; path = ChartDataHandler.swift; sourceTree = "<group>"; };
/* End PBXFileReference section */

/* Begin PBXFrameworksBuildPhase section */
		C9820D2229FA58BD004E0E02 /* Frameworks */ = {
			isa = PBXFrameworksBuildPhase;
			buildActionMask = 2147483647;
			files = (
				8C15908119053BC8DA12E471 /* Pods_ExpenseTracker.framework in Frameworks */,
			);
			runOnlyForDeploymentPostprocessing = 0;
		};
		C9820D3829FA58BD004E0E02 /* Frameworks */ = {
			isa = PBXFrameworksBuildPhase;
			buildActionMask = 2147483647;
			files = (
				6BACF0AC3D14AFA18871F7E0 /* Pods_ExpenseTrackerTests.framework in Frameworks */,
			);
			runOnlyForDeploymentPostprocessing = 0;
		};
		C9820D4229FA58BD004E0E02 /* Frameworks */ = {
			isa = PBXFrameworksBuildPhase;
			buildActionMask = 2147483647;
			files = (
				C435D2DC2BC0CC800AC36692 /* Pods_ExpenseTracker_ExpenseTrackerUITests.framework in Frameworks */,
			);
			runOnlyForDeploymentPostprocessing = 0;
		};
/* End PBXFrameworksBuildPhase section */

/* Begin PBXGroup section */
		1C317F182A011B2C00E7F4FE /* Model */ = {
			isa = PBXGroup;
			children = (
				1C317F192A011B3900E7F4FE /* Expense.swift */,
				1CCE63A92A0F715D00AE10F1 /* Alert.swift */,
				EE98EB122A1A5DBD00F45581 /* ChartDataHandler.swift */,
				EE61E68B2A306066004472B7 /* ReceiptRegexHandler.swift */,
				EE61E6932A3871CF004472B7 /* Constants.swift */,
				EE61E6952A3871EE004472B7 /* OpenAIService.swift */,
			);
			path = Model;
			sourceTree = "<group>";
		};
		1C317F1B2A05EE1500E7F4FE /* SQLiteDBConfig */ = {
			isa = PBXGroup;
			children = (
				1C317F1C2A05EE3300E7F4FE /* DBManager.swift */,
			);
			path = SQLiteDBConfig;
			sourceTree = "<group>";
		};
		1FA7340F2C828C5FD4B3BE0E /* Pods */ = {
			isa = PBXGroup;
			children = (
				997C2E5BB8E4E4F54505C8D6 /* Pods-ExpenseTracker.debug.xcconfig */,
				5824CC75EAF8B83B3DF784C3 /* Pods-ExpenseTracker.release.xcconfig */,
				93D3538388B889CD178E970F /* Pods-ExpenseTracker-ExpenseTrackerUITests.debug.xcconfig */,
				434C361F303EA59A6594A1D0 /* Pods-ExpenseTracker-ExpenseTrackerUITests.release.xcconfig */,
				E32155664DFCF91420CF7EAC /* Pods-ExpenseTrackerTests.debug.xcconfig */,
				82B980B360279037E826B746 /* Pods-ExpenseTrackerTests.release.xcconfig */,
			);
			path = Pods;
			sourceTree = "<group>";
		};
		1FC93559D1318DD292FCB05E /* Frameworks */ = {
			isa = PBXGroup;
			children = (
				609941440D01C1A208175ADC /* Pods_ExpenseTracker.framework */,
				8C5E3A43EFE8571E11982A85 /* Pods_ExpenseTracker_ExpenseTrackerUITests.framework */,
				B90174BA9901182A28CCABE5 /* Pods_ExpenseTrackerTests.framework */,
			);
			name = Frameworks;
			sourceTree = "<group>";
		};
		C9820D1C29FA58BD004E0E02 = {
			isa = PBXGroup;
			children = (
				C9820D2729FA58BD004E0E02 /* ExpenseTracker */,
				C9820D3E29FA58BD004E0E02 /* ExpenseTrackerTests */,
				C9820D4829FA58BD004E0E02 /* ExpenseTrackerUITests */,
				C9820D2629FA58BD004E0E02 /* Products */,
				1FA7340F2C828C5FD4B3BE0E /* Pods */,
				1FC93559D1318DD292FCB05E /* Frameworks */,
			);
			sourceTree = "<group>";
		};
		C9820D2629FA58BD004E0E02 /* Products */ = {
			isa = PBXGroup;
			children = (
				C9820D2529FA58BD004E0E02 /* ExpenseTracker.app */,
				C9820D3B29FA58BD004E0E02 /* ExpenseTrackerTests.xctest */,
				C9820D4529FA58BD004E0E02 /* ExpenseTrackerUITests.xctest */,
			);
			name = Products;
			sourceTree = "<group>";
		};
		C9820D2729FA58BD004E0E02 /* ExpenseTracker */ = {
			isa = PBXGroup;
			children = (
				EE49C6F02A08CE0500409239 /* FileManager */,
				1C317F1B2A05EE1500E7F4FE /* SQLiteDBConfig */,
				1C317F182A011B2C00E7F4FE /* Model */,
				C9820D5929FA590C004E0E02 /* Controller */,
				C9820D5829FA5900004E0E02 /* View */,
				C9820D2829FA58BD004E0E02 /* AppDelegate.swift */,
				C9820D2A29FA58BD004E0E02 /* SceneDelegate.swift */,
				C9820D3329FA58BD004E0E02 /* LaunchScreen.storyboard */,
				1C8FD99B2A17F16500B509CD /* Assets.xcassets */,
				C9820D3629FA58BD004E0E02 /* Info.plist */,
			);
			path = ExpenseTracker;
			sourceTree = "<group>";
		};
		C9820D3E29FA58BD004E0E02 /* ExpenseTrackerTests */ = {
			isa = PBXGroup;
			children = (
				C9820D3F29FA58BD004E0E02 /* ExpenseTrackerTests.swift */,
			);
			path = ExpenseTrackerTests;
			sourceTree = "<group>";
		};
		C9820D4829FA58BD004E0E02 /* ExpenseTrackerUITests */ = {
			isa = PBXGroup;
			children = (
				C9820D4929FA58BD004E0E02 /* ExpenseTrackerUITests.swift */,
				C9820D4B29FA58BD004E0E02 /* ExpenseTrackerUITestsLaunchTests.swift */,
			);
			path = ExpenseTrackerUITests;
			sourceTree = "<group>";
		};
		C9820D5829FA5900004E0E02 /* View */ = {
			isa = PBXGroup;
			children = (
				1CCE63AC2A100A8F00AE10F1 /* AlertTableCell.xib */,
				1C93BD082A072BD600A0236F /* ExpenseTableCell.xib */,
				C9820D2E29FA58BD004E0E02 /* Main.storyboard */,
			);
			path = View;
			sourceTree = "<group>";
		};
		C9820D5929FA590C004E0E02 /* Controller */ = {
			isa = PBXGroup;
			children = (
				C9820D2C29FA58BD004E0E02 /* OverviewController.swift */,
				1C93D4E329FF8E05000F8688 /* SettingsViewController.swift */,
				1C93D4E529FF8E55000F8688 /* AlertsViewController.swift */,
				1C4C6FED2A0674BB00A33F39 /* AddExpenseViewController.swift */,
				1C4C6FEF2A068A1400A33F39 /* ExpensesListViewController.swift */,
				1C93BD072A072BD600A0236F /* ExpenseTableCell.swift */,
				EE1A4B0F2A076D3300516429 /* SettingTableViewCell.swift */,
				1CCE63AB2A100A8F00AE10F1 /* AlertTableCell.swift */,
				EE0A93FB2A126302006E27DA /* ExpenseDetailViewController.swift */,
				EE98EB102A15C67A00F45581 /* NightModeTableViewCell.swift */,
				EE61E68F2A385A69004472B7 /* ChatBotViewController.swift */,
				EE61E6912A385BE2004472B7 /* ChatBotSwiftUIView.swift */,
				EE61E6972A39B3D0004472B7 /* GenerateExpenseReportViewController.swift */,
			);
			path = Controller;
			sourceTree = "<group>";
		};
		EE49C6F02A08CE0500409239 /* FileManager */ = {
			isa = PBXGroup;
			children = (
				EE49C6F12A08CE2400409239 /* LocalFileManager.swift */,
			);
			path = FileManager;
			sourceTree = "<group>";
		};
/* End PBXGroup section */

/* Begin PBXNativeTarget section */
		C9820D2429FA58BD004E0E02 /* ExpenseTracker */ = {
			isa = PBXNativeTarget;
			buildConfigurationList = C9820D4F29FA58BD004E0E02 /* Build configuration list for PBXNativeTarget "ExpenseTracker" */;
			buildPhases = (
				5BA4806D5C8ED8AD85B5382C /* [CP] Check Pods Manifest.lock */,
				C9820D2129FA58BD004E0E02 /* Sources */,
				C9820D2229FA58BD004E0E02 /* Frameworks */,
				C9820D2329FA58BD004E0E02 /* Resources */,
				DEE6104BFB423C555FCC6A6D /* [CP] Embed Pods Frameworks */,
			);
			buildRules = (
			);
			dependencies = (
			);
			name = ExpenseTracker;
			productName = ExpenseTracker;
			productReference = C9820D2529FA58BD004E0E02 /* ExpenseTracker.app */;
			productType = "com.apple.product-type.application";
		};
		C9820D3A29FA58BD004E0E02 /* ExpenseTrackerTests */ = {
			isa = PBXNativeTarget;
			buildConfigurationList = C9820D5229FA58BD004E0E02 /* Build configuration list for PBXNativeTarget "ExpenseTrackerTests" */;
			buildPhases = (
				621C653FAB40C05453D394C8 /* [CP] Check Pods Manifest.lock */,
				C9820D3729FA58BD004E0E02 /* Sources */,
				C9820D3829FA58BD004E0E02 /* Frameworks */,
				C9820D3929FA58BD004E0E02 /* Resources */,
			);
			buildRules = (
			);
			dependencies = (
				C9820D3D29FA58BD004E0E02 /* PBXTargetDependency */,
			);
			name = ExpenseTrackerTests;
			productName = ExpenseTrackerTests;
			productReference = C9820D3B29FA58BD004E0E02 /* ExpenseTrackerTests.xctest */;
			productType = "com.apple.product-type.bundle.unit-test";
		};
		C9820D4429FA58BD004E0E02 /* ExpenseTrackerUITests */ = {
			isa = PBXNativeTarget;
			buildConfigurationList = C9820D5529FA58BD004E0E02 /* Build configuration list for PBXNativeTarget "ExpenseTrackerUITests" */;
			buildPhases = (
				3A564C2DC0732C13E10E5071 /* [CP] Check Pods Manifest.lock */,
				C9820D4129FA58BD004E0E02 /* Sources */,
				C9820D4229FA58BD004E0E02 /* Frameworks */,
				C9820D4329FA58BD004E0E02 /* Resources */,
				CEF4CC45F557A4382DEBD1A2 /* [CP] Embed Pods Frameworks */,
			);
			buildRules = (
			);
			dependencies = (
				C9820D4729FA58BD004E0E02 /* PBXTargetDependency */,
			);
			name = ExpenseTrackerUITests;
			productName = ExpenseTrackerUITests;
			productReference = C9820D4529FA58BD004E0E02 /* ExpenseTrackerUITests.xctest */;
			productType = "com.apple.product-type.bundle.ui-testing";
		};
/* End PBXNativeTarget section */

/* Begin PBXProject section */
		C9820D1D29FA58BD004E0E02 /* Project object */ = {
			isa = PBXProject;
			attributes = {
				BuildIndependentTargetsInParallel = 1;
				LastSwiftUpdateCheck = 1420;
				LastUpgradeCheck = 1420;
				TargetAttributes = {
					C9820D2429FA58BD004E0E02 = {
						CreatedOnToolsVersion = 14.2;
					};
					C9820D3A29FA58BD004E0E02 = {
						CreatedOnToolsVersion = 14.2;
						TestTargetID = C9820D2429FA58BD004E0E02;
					};
					C9820D4429FA58BD004E0E02 = {
						CreatedOnToolsVersion = 14.2;
						TestTargetID = C9820D2429FA58BD004E0E02;
					};
				};
			};
			buildConfigurationList = C9820D2029FA58BD004E0E02 /* Build configuration list for PBXProject "ExpenseTracker" */;
			compatibilityVersion = "Xcode 14.0";
			developmentRegion = en;
			hasScannedForEncodings = 0;
			knownRegions = (
				en,
				Base,
			);
			mainGroup = C9820D1C29FA58BD004E0E02;
			productRefGroup = C9820D2629FA58BD004E0E02 /* Products */;
			projectDirPath = "";
			projectRoot = "";
			targets = (
				C9820D2429FA58BD004E0E02 /* ExpenseTracker */,
				C9820D3A29FA58BD004E0E02 /* ExpenseTrackerTests */,
				C9820D4429FA58BD004E0E02 /* ExpenseTrackerUITests */,
			);
		};
/* End PBXProject section */

/* Begin PBXResourcesBuildPhase section */
		C9820D2329FA58BD004E0E02 /* Resources */ = {
			isa = PBXResourcesBuildPhase;
			buildActionMask = 2147483647;
			files = (
				C9820D3529FA58BD004E0E02 /* LaunchScreen.storyboard in Resources */,
				1C93BD0A2A072BD600A0236F /* ExpenseTableCell.xib in Resources */,
				C9820D3029FA58BD004E0E02 /* Main.storyboard in Resources */,
				1CCE63AE2A100A8F00AE10F1 /* AlertTableCell.xib in Resources */,
				1C8FD99C2A17F16500B509CD /* Assets.xcassets in Resources */,
			);
			runOnlyForDeploymentPostprocessing = 0;
		};
		C9820D3929FA58BD004E0E02 /* Resources */ = {
			isa = PBXResourcesBuildPhase;
			buildActionMask = 2147483647;
			files = (
			);
			runOnlyForDeploymentPostprocessing = 0;
		};
		C9820D4329FA58BD004E0E02 /* Resources */ = {
			isa = PBXResourcesBuildPhase;
			buildActionMask = 2147483647;
			files = (
			);
			runOnlyForDeploymentPostprocessing = 0;
		};
/* End PBXResourcesBuildPhase section */

/* Begin PBXShellScriptBuildPhase section */
		3A564C2DC0732C13E10E5071 /* [CP] Check Pods Manifest.lock */ = {
			isa = PBXShellScriptBuildPhase;
			buildActionMask = 2147483647;
			files = (
			);
			inputFileListPaths = (
			);
			inputPaths = (
				"${PODS_PODFILE_DIR_PATH}/Podfile.lock",
				"${PODS_ROOT}/Manifest.lock",
			);
			name = "[CP] Check Pods Manifest.lock";
			outputFileListPaths = (
			);
			outputPaths = (
				"$(DERIVED_FILE_DIR)/Pods-ExpenseTracker-ExpenseTrackerUITests-checkManifestLockResult.txt",
			);
			runOnlyForDeploymentPostprocessing = 0;
			shellPath = /bin/sh;
			shellScript = "diff \"${PODS_PODFILE_DIR_PATH}/Podfile.lock\" \"${PODS_ROOT}/Manifest.lock\" > /dev/null\nif [ $? != 0 ] ; then\n    # print error to STDERR\n    echo \"error: The sandbox is not in sync with the Podfile.lock. Run 'pod install' or update your CocoaPods installation.\" >&2\n    exit 1\nfi\n# This output is used by Xcode 'outputs' to avoid re-running this script phase.\necho \"SUCCESS\" > \"${SCRIPT_OUTPUT_FILE_0}\"\n";
			showEnvVarsInLog = 0;
		};
		5BA4806D5C8ED8AD85B5382C /* [CP] Check Pods Manifest.lock */ = {
			isa = PBXShellScriptBuildPhase;
			buildActionMask = 2147483647;
			files = (
			);
			inputFileListPaths = (
			);
			inputPaths = (
				"${PODS_PODFILE_DIR_PATH}/Podfile.lock",
				"${PODS_ROOT}/Manifest.lock",
			);
			name = "[CP] Check Pods Manifest.lock";
			outputFileListPaths = (
			);
			outputPaths = (
				"$(DERIVED_FILE_DIR)/Pods-ExpenseTracker-checkManifestLockResult.txt",
			);
			runOnlyForDeploymentPostprocessing = 0;
			shellPath = /bin/sh;
			shellScript = "diff \"${PODS_PODFILE_DIR_PATH}/Podfile.lock\" \"${PODS_ROOT}/Manifest.lock\" > /dev/null\nif [ $? != 0 ] ; then\n    # print error to STDERR\n    echo \"error: The sandbox is not in sync with the Podfile.lock. Run 'pod install' or update your CocoaPods installation.\" >&2\n    exit 1\nfi\n# This output is used by Xcode 'outputs' to avoid re-running this script phase.\necho \"SUCCESS\" > \"${SCRIPT_OUTPUT_FILE_0}\"\n";
			showEnvVarsInLog = 0;
		};
		621C653FAB40C05453D394C8 /* [CP] Check Pods Manifest.lock */ = {
			isa = PBXShellScriptBuildPhase;
			buildActionMask = 2147483647;
			files = (
			);
			inputFileListPaths = (
			);
			inputPaths = (
				"${PODS_PODFILE_DIR_PATH}/Podfile.lock",
				"${PODS_ROOT}/Manifest.lock",
			);
			name = "[CP] Check Pods Manifest.lock";
			outputFileListPaths = (
			);
			outputPaths = (
				"$(DERIVED_FILE_DIR)/Pods-ExpenseTrackerTests-checkManifestLockResult.txt",
			);
			runOnlyForDeploymentPostprocessing = 0;
			shellPath = /bin/sh;
			shellScript = "diff \"${PODS_PODFILE_DIR_PATH}/Podfile.lock\" \"${PODS_ROOT}/Manifest.lock\" > /dev/null\nif [ $? != 0 ] ; then\n    # print error to STDERR\n    echo \"error: The sandbox is not in sync with the Podfile.lock. Run 'pod install' or update your CocoaPods installation.\" >&2\n    exit 1\nfi\n# This output is used by Xcode 'outputs' to avoid re-running this script phase.\necho \"SUCCESS\" > \"${SCRIPT_OUTPUT_FILE_0}\"\n";
			showEnvVarsInLog = 0;
		};
		CEF4CC45F557A4382DEBD1A2 /* [CP] Embed Pods Frameworks */ = {
			isa = PBXShellScriptBuildPhase;
			buildActionMask = 2147483647;
			files = (
			);
			inputFileListPaths = (
				"${PODS_ROOT}/Target Support Files/Pods-ExpenseTracker-ExpenseTrackerUITests/Pods-ExpenseTracker-ExpenseTrackerUITests-frameworks-${CONFIGURATION}-input-files.xcfilelist",
			);
			name = "[CP] Embed Pods Frameworks";
			outputFileListPaths = (
				"${PODS_ROOT}/Target Support Files/Pods-ExpenseTracker-ExpenseTrackerUITests/Pods-ExpenseTracker-ExpenseTrackerUITests-frameworks-${CONFIGURATION}-output-files.xcfilelist",
			);
			runOnlyForDeploymentPostprocessing = 0;
			shellPath = /bin/sh;
			shellScript = "\"${PODS_ROOT}/Target Support Files/Pods-ExpenseTracker-ExpenseTrackerUITests/Pods-ExpenseTracker-ExpenseTrackerUITests-frameworks.sh\"\n";
			showEnvVarsInLog = 0;
		};
		DEE6104BFB423C555FCC6A6D /* [CP] Embed Pods Frameworks */ = {
			isa = PBXShellScriptBuildPhase;
			buildActionMask = 2147483647;
			files = (
			);
			inputFileListPaths = (
				"${PODS_ROOT}/Target Support Files/Pods-ExpenseTracker/Pods-ExpenseTracker-frameworks-${CONFIGURATION}-input-files.xcfilelist",
			);
			name = "[CP] Embed Pods Frameworks";
			outputFileListPaths = (
				"${PODS_ROOT}/Target Support Files/Pods-ExpenseTracker/Pods-ExpenseTracker-frameworks-${CONFIGURATION}-output-files.xcfilelist",
			);
			runOnlyForDeploymentPostprocessing = 0;
			shellPath = /bin/sh;
			shellScript = "\"${PODS_ROOT}/Target Support Files/Pods-ExpenseTracker/Pods-ExpenseTracker-frameworks.sh\"\n";
			showEnvVarsInLog = 0;
		};
/* End PBXShellScriptBuildPhase section */

/* Begin PBXSourcesBuildPhase section */
		C9820D2129FA58BD004E0E02 /* Sources */ = {
			isa = PBXSourcesBuildPhase;
			buildActionMask = 2147483647;
			files = (
				EE1A4B102A076D3300516429 /* SettingTableViewCell.swift in Sources */,
				1C317F1A2A011B3900E7F4FE /* Expense.swift in Sources */,
				EE61E6922A385BE2004472B7 /* ChatBotSwiftUIView.swift in Sources */,
				EE98EB132A1A5DBD00F45581 /* ChartDataHandler.swift in Sources */,
				1C93D4E629FF8E55000F8688 /* AlertsViewController.swift in Sources */,
				1CCE63AD2A100A8F00AE10F1 /* AlertTableCell.swift in Sources */,
				1C317F1D2A05EE3300E7F4FE /* DBManager.swift in Sources */,
				1C93BD092A072BD600A0236F /* ExpenseTableCell.swift in Sources */,
				1CCE63AA2A0F715D00AE10F1 /* Alert.swift in Sources */,
				EE61E68C2A306066004472B7 /* ReceiptRegexHandler.swift in Sources */,
				1C4C6FEE2A0674BB00A33F39 /* AddExpenseViewController.swift in Sources */,
				EE61E6942A3871CF004472B7 /* Constants.swift in Sources */,
				C9820D2D29FA58BD004E0E02 /* OverviewController.swift in Sources */,
				EE98EB112A15C67A00F45581 /* NightModeTableViewCell.swift in Sources */,
				1C93D4E429FF8E05000F8688 /* SettingsViewController.swift in Sources */,
				EE61E6902A385A69004472B7 /* ChatBotViewController.swift in Sources */,
				EE61E6982A39B3D0004472B7 /* GenerateExpenseReportViewController.swift in Sources */,
				C9820D2929FA58BD004E0E02 /* AppDelegate.swift in Sources */,
				EE61E6962A3871EE004472B7 /* OpenAIService.swift in Sources */,
				C9820D2B29FA58BD004E0E02 /* SceneDelegate.swift in Sources */,
				EE0A93FC2A126302006E27DA /* ExpenseDetailViewController.swift in Sources */,
				1C4C6FF02A068A1400A33F39 /* ExpensesListViewController.swift in Sources */,
				EE49C6F22A08CE2400409239 /* LocalFileManager.swift in Sources */,
			);
			runOnlyForDeploymentPostprocessing = 0;
		};
		C9820D3729FA58BD004E0E02 /* Sources */ = {
			isa = PBXSourcesBuildPhase;
			buildActionMask = 2147483647;
			files = (
				C9820D4029FA58BD004E0E02 /* ExpenseTrackerTests.swift in Sources */,
			);
			runOnlyForDeploymentPostprocessing = 0;
		};
		C9820D4129FA58BD004E0E02 /* Sources */ = {
			isa = PBXSourcesBuildPhase;
			buildActionMask = 2147483647;
			files = (
				C9820D4C29FA58BD004E0E02 /* ExpenseTrackerUITestsLaunchTests.swift in Sources */,
				C9820D4A29FA58BD004E0E02 /* ExpenseTrackerUITests.swift in Sources */,
			);
			runOnlyForDeploymentPostprocessing = 0;
		};
/* End PBXSourcesBuildPhase section */

/* Begin PBXTargetDependency section */
		C9820D3D29FA58BD004E0E02 /* PBXTargetDependency */ = {
			isa = PBXTargetDependency;
			target = C9820D2429FA58BD004E0E02 /* ExpenseTracker */;
			targetProxy = C9820D3C29FA58BD004E0E02 /* PBXContainerItemProxy */;
		};
		C9820D4729FA58BD004E0E02 /* PBXTargetDependency */ = {
			isa = PBXTargetDependency;
			target = C9820D2429FA58BD004E0E02 /* ExpenseTracker */;
			targetProxy = C9820D4629FA58BD004E0E02 /* PBXContainerItemProxy */;
		};
/* End PBXTargetDependency section */

/* Begin PBXVariantGroup section */
		C9820D2E29FA58BD004E0E02 /* Main.storyboard */ = {
			isa = PBXVariantGroup;
			children = (
				C9820D2F29FA58BD004E0E02 /* Base */,
			);
			name = Main.storyboard;
			sourceTree = "<group>";
		};
		C9820D3329FA58BD004E0E02 /* LaunchScreen.storyboard */ = {
			isa = PBXVariantGroup;
			children = (
				C9820D3429FA58BD004E0E02 /* Base */,
			);
			name = LaunchScreen.storyboard;
			sourceTree = "<group>";
		};
/* End PBXVariantGroup section */

/* Begin XCBuildConfiguration section */
		C9820D4D29FA58BD004E0E02 /* Debug */ = {
			isa = XCBuildConfiguration;
			buildSettings = {
				ALWAYS_SEARCH_USER_PATHS = NO;
				CLANG_ANALYZER_NONNULL = YES;
				CLANG_ANALYZER_NUMBER_OBJECT_CONVERSION = YES_AGGRESSIVE;
				CLANG_CXX_LANGUAGE_STANDARD = "gnu++20";
				CLANG_ENABLE_MODULES = YES;
				CLANG_ENABLE_OBJC_ARC = YES;
				CLANG_ENABLE_OBJC_WEAK = YES;
				CLANG_WARN_BLOCK_CAPTURE_AUTORELEASING = YES;
				CLANG_WARN_BOOL_CONVERSION = YES;
				CLANG_WARN_COMMA = YES;
				CLANG_WARN_CONSTANT_CONVERSION = YES;
				CLANG_WARN_DEPRECATED_OBJC_IMPLEMENTATIONS = YES;
				CLANG_WARN_DIRECT_OBJC_ISA_USAGE = YES_ERROR;
				CLANG_WARN_DOCUMENTATION_COMMENTS = YES;
				CLANG_WARN_EMPTY_BODY = YES;
				CLANG_WARN_ENUM_CONVERSION = YES;
				CLANG_WARN_INFINITE_RECURSION = YES;
				CLANG_WARN_INT_CONVERSION = YES;
				CLANG_WARN_NON_LITERAL_NULL_CONVERSION = YES;
				CLANG_WARN_OBJC_IMPLICIT_RETAIN_SELF = YES;
				CLANG_WARN_OBJC_LITERAL_CONVERSION = YES;
				CLANG_WARN_OBJC_ROOT_CLASS = YES_ERROR;
				CLANG_WARN_QUOTED_INCLUDE_IN_FRAMEWORK_HEADER = YES;
				CLANG_WARN_RANGE_LOOP_ANALYSIS = YES;
				CLANG_WARN_STRICT_PROTOTYPES = YES;
				CLANG_WARN_SUSPICIOUS_MOVE = YES;
				CLANG_WARN_UNGUARDED_AVAILABILITY = YES_AGGRESSIVE;
				CLANG_WARN_UNREACHABLE_CODE = YES;
				CLANG_WARN__DUPLICATE_METHOD_MATCH = YES;
				COPY_PHASE_STRIP = NO;
				DEBUG_INFORMATION_FORMAT = dwarf;
				ENABLE_STRICT_OBJC_MSGSEND = YES;
				ENABLE_TESTABILITY = YES;
				GCC_C_LANGUAGE_STANDARD = gnu11;
				GCC_DYNAMIC_NO_PIC = NO;
				GCC_NO_COMMON_BLOCKS = YES;
				GCC_OPTIMIZATION_LEVEL = 0;
				GCC_PREPROCESSOR_DEFINITIONS = (
					"DEBUG=1",
					"$(inherited)",
				);
				GCC_WARN_64_TO_32_BIT_CONVERSION = YES;
				GCC_WARN_ABOUT_RETURN_TYPE = YES_ERROR;
				GCC_WARN_UNDECLARED_SELECTOR = YES;
				GCC_WARN_UNINITIALIZED_AUTOS = YES_AGGRESSIVE;
				GCC_WARN_UNUSED_FUNCTION = YES;
				GCC_WARN_UNUSED_VARIABLE = YES;
				IPHONEOS_DEPLOYMENT_TARGET = 16.2;
				MTL_ENABLE_DEBUG_INFO = INCLUDE_SOURCE;
				MTL_FAST_MATH = YES;
				ONLY_ACTIVE_ARCH = YES;
				SDKROOT = iphoneos;
				SWIFT_ACTIVE_COMPILATION_CONDITIONS = DEBUG;
				SWIFT_OPTIMIZATION_LEVEL = "-Onone";
			};
			name = Debug;
		};
		C9820D4E29FA58BD004E0E02 /* Release */ = {
			isa = XCBuildConfiguration;
			buildSettings = {
				ALWAYS_SEARCH_USER_PATHS = NO;
				CLANG_ANALYZER_NONNULL = YES;
				CLANG_ANALYZER_NUMBER_OBJECT_CONVERSION = YES_AGGRESSIVE;
				CLANG_CXX_LANGUAGE_STANDARD = "gnu++20";
				CLANG_ENABLE_MODULES = YES;
				CLANG_ENABLE_OBJC_ARC = YES;
				CLANG_ENABLE_OBJC_WEAK = YES;
				CLANG_WARN_BLOCK_CAPTURE_AUTORELEASING = YES;
				CLANG_WARN_BOOL_CONVERSION = YES;
				CLANG_WARN_COMMA = YES;
				CLANG_WARN_CONSTANT_CONVERSION = YES;
				CLANG_WARN_DEPRECATED_OBJC_IMPLEMENTATIONS = YES;
				CLANG_WARN_DIRECT_OBJC_ISA_USAGE = YES_ERROR;
				CLANG_WARN_DOCUMENTATION_COMMENTS = YES;
				CLANG_WARN_EMPTY_BODY = YES;
				CLANG_WARN_ENUM_CONVERSION = YES;
				CLANG_WARN_INFINITE_RECURSION = YES;
				CLANG_WARN_INT_CONVERSION = YES;
				CLANG_WARN_NON_LITERAL_NULL_CONVERSION = YES;
				CLANG_WARN_OBJC_IMPLICIT_RETAIN_SELF = YES;
				CLANG_WARN_OBJC_LITERAL_CONVERSION = YES;
				CLANG_WARN_OBJC_ROOT_CLASS = YES_ERROR;
				CLANG_WARN_QUOTED_INCLUDE_IN_FRAMEWORK_HEADER = YES;
				CLANG_WARN_RANGE_LOOP_ANALYSIS = YES;
				CLANG_WARN_STRICT_PROTOTYPES = YES;
				CLANG_WARN_SUSPICIOUS_MOVE = YES;
				CLANG_WARN_UNGUARDED_AVAILABILITY = YES_AGGRESSIVE;
				CLANG_WARN_UNREACHABLE_CODE = YES;
				CLANG_WARN__DUPLICATE_METHOD_MATCH = YES;
				COPY_PHASE_STRIP = NO;
				DEBUG_INFORMATION_FORMAT = "dwarf-with-dsym";
				ENABLE_NS_ASSERTIONS = NO;
				ENABLE_STRICT_OBJC_MSGSEND = YES;
				GCC_C_LANGUAGE_STANDARD = gnu11;
				GCC_NO_COMMON_BLOCKS = YES;
				GCC_WARN_64_TO_32_BIT_CONVERSION = YES;
				GCC_WARN_ABOUT_RETURN_TYPE = YES_ERROR;
				GCC_WARN_UNDECLARED_SELECTOR = YES;
				GCC_WARN_UNINITIALIZED_AUTOS = YES_AGGRESSIVE;
				GCC_WARN_UNUSED_FUNCTION = YES;
				GCC_WARN_UNUSED_VARIABLE = YES;
				IPHONEOS_DEPLOYMENT_TARGET = 16.2;
				MTL_ENABLE_DEBUG_INFO = NO;
				MTL_FAST_MATH = YES;
				SDKROOT = iphoneos;
				SWIFT_COMPILATION_MODE = wholemodule;
				SWIFT_OPTIMIZATION_LEVEL = "-O";
				VALIDATE_PRODUCT = YES;
			};
			name = Release;
		};
		C9820D5029FA58BD004E0E02 /* Debug */ = {
			isa = XCBuildConfiguration;
			baseConfigurationReference = 997C2E5BB8E4E4F54505C8D6 /* Pods-ExpenseTracker.debug.xcconfig */;
			buildSettings = {
				ASSETCATALOG_COMPILER_APPICON_NAME = AppIcon;
				ASSETCATALOG_COMPILER_GLOBAL_ACCENT_COLOR_NAME = AccentColor;
				CODE_SIGN_STYLE = Automatic;
				CURRENT_PROJECT_VERSION = 1;
				DEVELOPMENT_TEAM = 5GZC5WLRP3;
				GENERATE_INFOPLIST_FILE = YES;
				INFOPLIST_FILE = ExpenseTracker/Info.plist;
				INFOPLIST_KEY_NSCameraUsageDescription = "Take photo for receipt for recording purposes";
				INFOPLIST_KEY_UIApplicationSupportsIndirectInputEvents = YES;
				INFOPLIST_KEY_UILaunchStoryboardName = LaunchScreen;
				INFOPLIST_KEY_UIMainStoryboardFile = Main;
				INFOPLIST_KEY_UISupportedInterfaceOrientations_iPad = "UIInterfaceOrientationPortrait UIInterfaceOrientationPortraitUpsideDown UIInterfaceOrientationLandscapeLeft UIInterfaceOrientationLandscapeRight";
				INFOPLIST_KEY_UISupportedInterfaceOrientations_iPhone = "UIInterfaceOrientationPortrait UIInterfaceOrientationLandscapeLeft UIInterfaceOrientationLandscapeRight";
				LD_RUNPATH_SEARCH_PATHS = (
					"$(inherited)",
					"@executable_path/Frameworks",
				);
				MARKETING_VERSION = 1.0;
				PRODUCT_BUNDLE_IDENTIFIER = au.edu.uts.student.ExpenseTracker.Showcase1;
				PRODUCT_NAME = "$(TARGET_NAME)";
				SWIFT_EMIT_LOC_STRINGS = YES;
				SWIFT_VERSION = 5.0;
				TARGETED_DEVICE_FAMILY = "1,2";
			};
			name = Debug;
		};
		C9820D5129FA58BD004E0E02 /* Release */ = {
			isa = XCBuildConfiguration;
			baseConfigurationReference = 5824CC75EAF8B83B3DF784C3 /* Pods-ExpenseTracker.release.xcconfig */;
			buildSettings = {
				ASSETCATALOG_COMPILER_APPICON_NAME = AppIcon;
				ASSETCATALOG_COMPILER_GLOBAL_ACCENT_COLOR_NAME = AccentColor;
				CODE_SIGN_STYLE = Automatic;
				CURRENT_PROJECT_VERSION = 1;
				DEVELOPMENT_TEAM = 5GZC5WLRP3;
				GENERATE_INFOPLIST_FILE = YES;
				INFOPLIST_FILE = ExpenseTracker/Info.plist;
				INFOPLIST_KEY_NSCameraUsageDescription = "Take photo for receipt for recording purposes";
				INFOPLIST_KEY_UIApplicationSupportsIndirectInputEvents = YES;
				INFOPLIST_KEY_UILaunchStoryboardName = LaunchScreen;
				INFOPLIST_KEY_UIMainStoryboardFile = Main;
				INFOPLIST_KEY_UISupportedInterfaceOrientations_iPad = "UIInterfaceOrientationPortrait UIInterfaceOrientationPortraitUpsideDown UIInterfaceOrientationLandscapeLeft UIInterfaceOrientationLandscapeRight";
				INFOPLIST_KEY_UISupportedInterfaceOrientations_iPhone = "UIInterfaceOrientationPortrait UIInterfaceOrientationLandscapeLeft UIInterfaceOrientationLandscapeRight";
				LD_RUNPATH_SEARCH_PATHS = (
					"$(inherited)",
					"@executable_path/Frameworks",
				);
				MARKETING_VERSION = 1.0;
				PRODUCT_BUNDLE_IDENTIFIER = au.edu.uts.student.ExpenseTracker.Showcase1;
				PRODUCT_NAME = "$(TARGET_NAME)";
				SWIFT_EMIT_LOC_STRINGS = YES;
				SWIFT_VERSION = 5.0;
				TARGETED_DEVICE_FAMILY = "1,2";
			};
			name = Release;
		};
		C9820D5329FA58BD004E0E02 /* Debug */ = {
			isa = XCBuildConfiguration;
			baseConfigurationReference = E32155664DFCF91420CF7EAC /* Pods-ExpenseTrackerTests.debug.xcconfig */;
			buildSettings = {
				ALWAYS_EMBED_SWIFT_STANDARD_LIBRARIES = YES;
				BUNDLE_LOADER = "$(TEST_HOST)";
				CODE_SIGN_STYLE = Automatic;
				CURRENT_PROJECT_VERSION = 1;
				GENERATE_INFOPLIST_FILE = YES;
				IPHONEOS_DEPLOYMENT_TARGET = 16.2;
				MARKETING_VERSION = 1.0;
				PRODUCT_BUNDLE_IDENTIFIER = au.edu.uts.student.ExpenseTrackerTests;
				PRODUCT_NAME = "$(TARGET_NAME)";
				SWIFT_EMIT_LOC_STRINGS = NO;
				SWIFT_VERSION = 5.0;
				TARGETED_DEVICE_FAMILY = "1,2";
				TEST_HOST = "$(BUILT_PRODUCTS_DIR)/ExpenseTracker.app/$(BUNDLE_EXECUTABLE_FOLDER_PATH)/ExpenseTracker";
			};
			name = Debug;
		};
		C9820D5429FA58BD004E0E02 /* Release */ = {
			isa = XCBuildConfiguration;
			baseConfigurationReference = 82B980B360279037E826B746 /* Pods-ExpenseTrackerTests.release.xcconfig */;
			buildSettings = {
				ALWAYS_EMBED_SWIFT_STANDARD_LIBRARIES = YES;
				BUNDLE_LOADER = "$(TEST_HOST)";
				CODE_SIGN_STYLE = Automatic;
				CURRENT_PROJECT_VERSION = 1;
				GENERATE_INFOPLIST_FILE = YES;
				IPHONEOS_DEPLOYMENT_TARGET = 16.2;
				MARKETING_VERSION = 1.0;
				PRODUCT_BUNDLE_IDENTIFIER = au.edu.uts.student.ExpenseTrackerTests;
				PRODUCT_NAME = "$(TARGET_NAME)";
				SWIFT_EMIT_LOC_STRINGS = NO;
				SWIFT_VERSION = 5.0;
				TARGETED_DEVICE_FAMILY = "1,2";
				TEST_HOST = "$(BUILT_PRODUCTS_DIR)/ExpenseTracker.app/$(BUNDLE_EXECUTABLE_FOLDER_PATH)/ExpenseTracker";
			};
			name = Release;
		};
		C9820D5629FA58BD004E0E02 /* Debug */ = {
			isa = XCBuildConfiguration;
			baseConfigurationReference = 93D3538388B889CD178E970F /* Pods-ExpenseTracker-ExpenseTrackerUITests.debug.xcconfig */;
			buildSettings = {
				ALWAYS_EMBED_SWIFT_STANDARD_LIBRARIES = YES;
				CODE_SIGN_STYLE = Automatic;
				CURRENT_PROJECT_VERSION = 1;
				GENERATE_INFOPLIST_FILE = YES;
				MARKETING_VERSION = 1.0;
				PRODUCT_BUNDLE_IDENTIFIER = au.edu.uts.student.ExpenseTrackerUITests;
				PRODUCT_NAME = "$(TARGET_NAME)";
				SWIFT_EMIT_LOC_STRINGS = NO;
				SWIFT_VERSION = 5.0;
				TARGETED_DEVICE_FAMILY = "1,2";
				TEST_TARGET_NAME = ExpenseTracker;
			};
			name = Debug;
		};
		C9820D5729FA58BD004E0E02 /* Release */ = {
			isa = XCBuildConfiguration;
			baseConfigurationReference = 434C361F303EA59A6594A1D0 /* Pods-ExpenseTracker-ExpenseTrackerUITests.release.xcconfig */;
			buildSettings = {
				ALWAYS_EMBED_SWIFT_STANDARD_LIBRARIES = YES;
				CODE_SIGN_STYLE = Automatic;
				CURRENT_PROJECT_VERSION = 1;
				GENERATE_INFOPLIST_FILE = YES;
				MARKETING_VERSION = 1.0;
				PRODUCT_BUNDLE_IDENTIFIER = au.edu.uts.student.ExpenseTrackerUITests;
				PRODUCT_NAME = "$(TARGET_NAME)";
				SWIFT_EMIT_LOC_STRINGS = NO;
				SWIFT_VERSION = 5.0;
				TARGETED_DEVICE_FAMILY = "1,2";
				TEST_TARGET_NAME = ExpenseTracker;
			};
			name = Release;
		};
/* End XCBuildConfiguration section */

/* Begin XCConfigurationList section */
		C9820D2029FA58BD004E0E02 /* Build configuration list for PBXProject "ExpenseTracker" */ = {
			isa = XCConfigurationList;
			buildConfigurations = (
				C9820D4D29FA58BD004E0E02 /* Debug */,
				C9820D4E29FA58BD004E0E02 /* Release */,
			);
			defaultConfigurationIsVisible = 0;
			defaultConfigurationName = Release;
		};
		C9820D4F29FA58BD004E0E02 /* Build configuration list for PBXNativeTarget "ExpenseTracker" */ = {
			isa = XCConfigurationList;
			buildConfigurations = (
				C9820D5029FA58BD004E0E02 /* Debug */,
				C9820D5129FA58BD004E0E02 /* Release */,
			);
			defaultConfigurationIsVisible = 0;
			defaultConfigurationName = Release;
		};
		C9820D5229FA58BD004E0E02 /* Build configuration list for PBXNativeTarget "ExpenseTrackerTests" */ = {
			isa = XCConfigurationList;
			buildConfigurations = (
				C9820D5329FA58BD004E0E02 /* Debug */,
				C9820D5429FA58BD004E0E02 /* Release */,
			);
			defaultConfigurationIsVisible = 0;
			defaultConfigurationName = Release;
		};
		C9820D5529FA58BD004E0E02 /* Build configuration list for PBXNativeTarget "ExpenseTrackerUITests" */ = {
			isa = XCConfigurationList;
			buildConfigurations = (
				C9820D5629FA58BD004E0E02 /* Debug */,
				C9820D5729FA58BD004E0E02 /* Release */,
			);
			defaultConfigurationIsVisible = 0;
			defaultConfigurationName = Release;
		};
/* End XCConfigurationList section */
	};
	rootObject = C9820D1D29FA58BD004E0E02 /* Project object */;
}
